schema: '2.0'
stages:
  extract:
    cmd: tar -xvzf data/images.tar.gz --directory data
    deps:
    - path: data/images.tar.gz
      md5: 3c8f026df7c3973bcec8e9f945026eb2
      size: 34312619
    outs:
    - path: data/images/
      md5: 0ebacd64e04c0e4a97d8fa48a4d707e6.dir
      size: 35401667
      nfiles: 70000
  train:
    cmd: python3 src/train.py
    deps:
    - path: data/images/
      md5: 0ebacd64e04c0e4a97d8fa48a4d707e6.dir
      size: 35401667
      nfiles: 70000
    - path: src/train.py
      md5: 905f9fdc90781e63c6b01035984399cc
      size: 3463
    params:
      params.yaml:
        model.conv_units: 64
        train.epochs: 3
    outs:
    - path: logs.csv
      md5: 8cb93611db989261dcfc2af067cc25d9
      size: 283
    - path: metrics.json
      md5: 5280c80dead5c010f2fb6965cf3b0d60
      size: 56
    - path: models/model.h5
      md5: ebaa49bb7f9634410ef98609b1078fca
      size: 8363240
